# THIS IS AN AUTOGENERATED FILE. DO NOT EDIT THIS FILE DIRECTLY.
# yarn lockfile v1


"@pixi/accessibility@6.3.0":
  version "6.3.0"
  resolved "https://registry.yarnpkg.com/@pixi/accessibility/-/accessibility-6.3.0.tgz#fe843d6080fa263d01dcb3c1adad00fc42cafb75"
  integrity sha512-G2IJovkixJ3MdXC456e7Nu9J2nLte01KwJPkWhhuuZkRQI6gBcLHn5flGG+QVx/dZDLySXyHiJ+1MAQ8kI9AbA==

"@pixi/app@6.3.0":
  version "6.3.0"
  resolved "https://registry.yarnpkg.com/@pixi/app/-/app-6.3.0.tgz#9d8cb89e01b8a92c20700aa7d289e7ebc3f59be6"
  integrity sha512-Ud+D/VkGFCx9Z+i0OXDzXqT3zNrUJ9f3sZuoACz1VVD6nnSq+wBZPnyoOOsgfiMYo/0KYVJh+EdBKZS8aYnnVQ==

"@pixi/compressed-textures@6.3.0":
  version "6.3.0"
  resolved "https://registry.yarnpkg.com/@pixi/compressed-textures/-/compressed-textures-6.3.0.tgz#a058043d03704f717f9ddfa527fb3947290ff782"
  integrity sha512-Y/SHGQZftvSM98/m89a1Pf99c9L5TGEPngueOcmjCABeGI33vOaL2VM4chkHXhG9HLqrHYAty24vXqOj42LbJw==

"@pixi/constants@6.3.0":
  version "6.3.0"
  resolved "https://registry.yarnpkg.com/@pixi/constants/-/constants-6.3.0.tgz#c900b875ee132d7061af4c1ab53c060faec1a504"
  integrity sha512-295/bb0+5IugA9plqBnD6xrvApjgGRdaNJ6EryCa7UB2j8wt4YtuzLjNeaCtng9eJONgJXXPhPF85+spdWRMbg==

"@pixi/core@6.3.0":
  version "6.3.0"
  resolved "https://registry.yarnpkg.com/@pixi/core/-/core-6.3.0.tgz#f0eeb6804f811f7de59e32130590f82c4b930745"
  integrity sha512-j7UMizcgDoUB9eDrZIP22xJCPYpjx2/BCl8deE5M9Cim9OR2qPxnNnt3jC1oKf2vVnNMTDrMOLekhMVo89FX2Q==
  dependencies:
    "@types/offscreencanvas" "^2019.6.4"

"@pixi/display@6.3.0":
  version "6.3.0"
  resolved "https://registry.yarnpkg.com/@pixi/display/-/display-6.3.0.tgz#82781587c928ac49ea24dbc675781e885d3c4a08"
  integrity sha512-Uxc1aLTFzV55d3kOlh/g19RlE2okPXsroi5jfYGCNS0VCdFk0sp6jMNEwk12BwC0KcA5SU7217H4jLy38VCVpA==

"@pixi/extract@6.3.0":
  version "6.3.0"
  resolved "https://registry.yarnpkg.com/@pixi/extract/-/extract-6.3.0.tgz#ee1f4eaa933e98c2c54930bb0c1b3f3935e4b1ad"
  integrity sha512-p5d3Jx0hoIQZsn1msIOyYCzyRjVkfiDUNkuzpLmNo9zng7C6bwqmIZWEMr5alm7+XwqKHlQdsBuK9PeUJt9fGQ==

"@pixi/filter-alpha@6.3.0":
  version "6.3.0"
  resolved "https://registry.yarnpkg.com/@pixi/filter-alpha/-/filter-alpha-6.3.0.tgz#3585bfe8a215fb13f56352d34dee2243fd8651ad"
  integrity sha512-FyO35T2ym7R/rxaQzz3+dfpMlNn7b4XCFebD7hAgYoLqb+/vaM32ZjjoKBxxFRFqpZxBO6BObCyJQd245h+P4A==

"@pixi/filter-blur@6.3.0":
  version "6.3.0"
  resolved "https://registry.yarnpkg.com/@pixi/filter-blur/-/filter-blur-6.3.0.tgz#7ac975c8e011201159afcca70b67966e5dfcde6e"
  integrity sha512-TpQxBbFnkcAxMOInMZDprRPXlfhQ0tYOvbnmdDbVTEGOqDXY/7do0bYRfsNshAyeyGE4NVIks1S/RlGkzHLhBg==

"@pixi/filter-color-matrix@6.3.0":
  version "6.3.0"
  resolved "https://registry.yarnpkg.com/@pixi/filter-color-matrix/-/filter-color-matrix-6.3.0.tgz#bf6795960c4c1b608bf92c5f513b5e60b1888754"
  integrity sha512-9qKrRiaeINap7BgolI3GZ5RaRgYNx0pK8iyrn7vWcuQAxR/lPM+rfgWQPagjXdU9NbnbnfZj0LNOmgFqtWsZTQ==

"@pixi/filter-displacement@6.3.0":
  version "6.3.0"
  resolved "https://registry.yarnpkg.com/@pixi/filter-displacement/-/filter-displacement-6.3.0.tgz#5b529f60878ba06b669535f52abc897df34b447d"
  integrity sha512-zjOnM3fVh4HOxEHzG/iN00ZmxCuZdxy+xTnjUZkbOgmXtDqRa9HakCBHlg60ZpF/NiIAkJNdrXx6nDhh2hve8Q==

"@pixi/filter-fxaa@6.3.0":
  version "6.3.0"
  resolved "https://registry.yarnpkg.com/@pixi/filter-fxaa/-/filter-fxaa-6.3.0.tgz#e2d6864740f24c917e91f60f3776466f82f8baec"
  integrity sha512-dKhKNmQ8zgtvcT2s7nDU/0LETaCzydgosXAeEPO5XtkHA6asffjEAqiie9wpj3DzODOibNuC/wpiiwGmN6xGgw==

"@pixi/filter-noise@6.3.0":
  version "6.3.0"
  resolved "https://registry.yarnpkg.com/@pixi/filter-noise/-/filter-noise-6.3.0.tgz#dc1608cf9cd432e1e7020baed4fa05013a296a8a"
  integrity sha512-+2qhb/wWkqI86xb2+NMxeoKUiA5Kx6Kvo1jCvSE4PdP5CGCFDLQqnj0NkIZCbl/3L0MiM9vy+JRmY+nVgre8Tw==

"@pixi/graphics@6.3.0":
  version "6.3.0"
  resolved "https://registry.yarnpkg.com/@pixi/graphics/-/graphics-6.3.0.tgz#50e758385b7704d0a068db189a20f0244f5fd68d"
  integrity sha512-cnce8ddZSRgVuwK3hdWjEgf9WJljEXlJp+tOIEYvmNYnkvfaRpdeVRpF5yd+A24ZswrVRU9W/W7cXCMw2uq/vQ==

"@pixi/interaction@6.3.0":
  version "6.3.0"
  resolved "https://registry.yarnpkg.com/@pixi/interaction/-/interaction-6.3.0.tgz#2329eae55884bf380a4c5443b29631a1fba6f283"
  integrity sha512-ZAgYJPnpQS07r69o6Mgn4SxurY+t05EWblC8bpVssQ/k2yU3xeWAKNV/Hk39AKrM5S+PBU9YyGX//jM+3gt8rQ==

"@pixi/loaders@6.3.0":
  version "6.3.0"
  resolved "https://registry.yarnpkg.com/@pixi/loaders/-/loaders-6.3.0.tgz#82441d1f664c489a754db7d2deb68bccdf97f4d6"
  integrity sha512-FXW3DkcAg2w0FABS6ixmzJNQSdabHXWumltelYM76NmBSE8oaLmg6tniBvjrTlSxUs3HlgwdeqgnUHV9GIFxLQ==

"@pixi/math@6.3.0":
  version "6.3.0"
  resolved "https://registry.yarnpkg.com/@pixi/math/-/math-6.3.0.tgz#2df6a27a8a73e1976ebbe90b01dfeab999b17bdb"
  integrity sha512-QkF9wl3/kXvthwWhrDAVgWQWl3T9dbyicHsoWfx0s9b3E0rx+PZcpz5ftaAVxGd7EvecIxV9nEUnna9TIjvwJQ==

"@pixi/mesh-extras@6.3.0":
  version "6.3.0"
  resolved "https://registry.yarnpkg.com/@pixi/mesh-extras/-/mesh-extras-6.3.0.tgz#32a8720b3529b98cfe09035ceb3e6c39dc6c78a5"
  integrity sha512-rGvpW/UDNPDSALocT2w3jvBpF9TUgyvZMGcxqolIxDbrmRiyUeT1EeYnCQpIqQUnkKW1QKxLpuSjut2yfERe7A==

"@pixi/mesh@6.3.0":
  version "6.3.0"
  resolved "https://registry.yarnpkg.com/@pixi/mesh/-/mesh-6.3.0.tgz#ce228e8a2c196579d6cf02c650c0b2ff26c43db7"
  integrity sha512-ljm1lk8ZyxQaZHl53psPptD7eO8yVt7mbEwly+qSyh61Nj950fq5CBgr2cd7TakBSUfiUthYAYP8wmdwop328Q==

"@pixi/mixin-cache-as-bitmap@6.3.0":
  version "6.3.0"
  resolved "https://registry.yarnpkg.com/@pixi/mixin-cache-as-bitmap/-/mixin-cache-as-bitmap-6.3.0.tgz#02d8422d2345f941c68bfe33f186537cce521c62"
  integrity sha512-KIbclUCTv6J2ERIX8LM0PaGezKqfmDbR8X/68irbwsYU3fRtsFb9X4IHttguiItYK8C6syyepEyIRbWB/poc6Q==

"@pixi/mixin-get-child-by-name@6.3.0":
  version "6.3.0"
  resolved "https://registry.yarnpkg.com/@pixi/mixin-get-child-by-name/-/mixin-get-child-by-name-6.3.0.tgz#5e58d496d2ecd79b98b566901eec74b3b3119c69"
  integrity sha512-R1nh985Fffo0HG3gmbbsBgbR0obGdjkVb31V9gUFileydY8u1jVA4sL1uzOfBbHAjDE+HFOO1wC1p6ygalUrkQ==

"@pixi/mixin-get-global-position@6.3.0":
  version "6.3.0"
  resolved "https://registry.yarnpkg.com/@pixi/mixin-get-global-position/-/mixin-get-global-position-6.3.0.tgz#ba02920c45ea3284b5c58371d9e5e32c61312c05"
  integrity sha512-hDzLubpLSRH6hp+mn8mpONZeMcMc75ndkz6WROXI0gfoUkFdzxHStGBSk4VJRgtSj1zzOgmEqo7LP/y2blgYlw==

"@pixi/particle-container@6.3.0":
  version "6.3.0"
  resolved "https://registry.yarnpkg.com/@pixi/particle-container/-/particle-container-6.3.0.tgz#991c271e927e31414ff1a362b6148c368db6e3c8"
  integrity sha512-yjcMUHIPUL4T27ECBrxgn6j00CpomYLBvdxXWDDqMSnm2W6AA+cy7QM30dCm2mcbStzB4j+cbYvN1+nRIuIE8Q==

"@pixi/polyfill@6.3.0":
  version "6.3.0"
  resolved "https://registry.yarnpkg.com/@pixi/polyfill/-/polyfill-6.3.0.tgz#4b8862c4c6ce589a21abfafa174acbfcee631d2c"
  integrity sha512-sjOLw0yndRipWOW3ykkCej5+VMZRBmnd32kUXXum9kgceSeL0w+iRPZrfvaFmgypqGnGpqwg24MsZ3vtIffd9g==
  dependencies:
    object-assign "^4.1.1"
    promise-polyfill "^8.2.0"

"@pixi/prepare@6.3.0":
  version "6.3.0"
  resolved "https://registry.yarnpkg.com/@pixi/prepare/-/prepare-6.3.0.tgz#8f46e4a67e5189739a3cba70053dca4861ef0f8d"
  integrity sha512-eqQpEIAhctZ85YEQWYMI/LmNyLn8K+lpfH783YQQ1WjFmBrFgJzvm1vs+ztIRl+6EIzVIC28RmcBU15Vkmylew==

"@pixi/runner@6.3.0":
  version "6.3.0"
  resolved "https://registry.yarnpkg.com/@pixi/runner/-/runner-6.3.0.tgz#e300c0865825fa736376801b57485d3d1d6f5fb8"
  integrity sha512-dG0YK/59dMay1pBD3sXYWtyDQ1gjRY8QCI38b+wQiH9oFMNFtj/f/RxkL1XyaK0r7sC8TjXUiQ+7+lZlmcqIjw==

"@pixi/settings@6.3.0":
  version "6.3.0"
  resolved "https://registry.yarnpkg.com/@pixi/settings/-/settings-6.3.0.tgz#1207fdb65fa1cf305e34a97fdffb47004bb8e5f5"
  integrity sha512-UkbZmlexr6NGM6Qz30Et63bpWAmpmkknOOnavrhWPnnbhFIx4kVzU9mvGMHGSGNLJabX9+gFUdjDGSlzF42v4w==
  dependencies:
    ismobilejs "^1.1.0"

"@pixi/sprite-animated@6.3.0":
  version "6.3.0"
  resolved "https://registry.yarnpkg.com/@pixi/sprite-animated/-/sprite-animated-6.3.0.tgz#d28947796dd666e8cd5ed8937b378acaab5615ca"
  integrity sha512-P4VroljvyiAc9acwbUVZTHKwM418x5AFOAEYAx9NkF9izh2HhinjLa+iRK70gPnEBOMPwqn1taVnz/n4/aYHWw==

"@pixi/sprite-tiling@6.3.0":
  version "6.3.0"
  resolved "https://registry.yarnpkg.com/@pixi/sprite-tiling/-/sprite-tiling-6.3.0.tgz#75d0db26c471eaa6ca5c378c787de570486371d1"
  integrity sha512-4+HodD9QwhiqIptBpT3rXuJDAJ5TSg2IRnHOo/+qSopA70VC1E+RRgyVvxfRfopfptcAHi60XWfzvFLHSV3LsA==

"@pixi/sprite@6.3.0":
  version "6.3.0"
  resolved "https://registry.yarnpkg.com/@pixi/sprite/-/sprite-6.3.0.tgz#8441400c001403250cd5bb21d456735373172532"
  integrity sha512-dv0CSkxjWZeUujYQ6NorJ5Cue6SL+RE/H739JK4+cAwEtoWpYqKqiw6aeUu4aqSRsqjhyk9ilhR+K1MbnImJKA==

"@pixi/spritesheet@6.3.0":
  version "6.3.0"
  resolved "https://registry.yarnpkg.com/@pixi/spritesheet/-/spritesheet-6.3.0.tgz#d3047938f6ab3d93f69ff535f71fbc39ee86bd3e"
  integrity sha512-TAIIVA2KFJk7lKB4Ggep99bxpkSjnYlODuLEZ9EoJ6QIEx9A1HesaKwwqzfneeCzX5BOBeJMgZ++rujE29rrpg==

"@pixi/text-bitmap@6.3.0":
  version "6.3.0"
  resolved "https://registry.yarnpkg.com/@pixi/text-bitmap/-/text-bitmap-6.3.0.tgz#43fe3585a551c9c08b885f2a74626f0def45ecf3"
  integrity sha512-ogoJ+k7MHUEUb8b+yBZOi9jLW/TvIEduf2FJ5S52sovjhjs1/uZw2sdR43tM9BGxP1W9H6GE5yOK5f2sEFZIKg==

"@pixi/text@6.3.0":
  version "6.3.0"
  resolved "https://registry.yarnpkg.com/@pixi/text/-/text-6.3.0.tgz#f39b3aa2567de42f3d4266c276f5abb0529dbb23"
  integrity sha512-hDevLv8HztzdImA6sIvmpBpNoIyDCrMNJAdjTUo/Kw1aoKlDaOGx4K3J7wVTzV1d1WrreIXtOsO3rQUOzf/hmg==

"@pixi/ticker@6.3.0":
  version "6.3.0"
  resolved "https://registry.yarnpkg.com/@pixi/ticker/-/ticker-6.3.0.tgz#0438efd9abbd74eab59be7361bac47553c25e4cb"
  integrity sha512-cEqyQgM5entsi+h85fUnESBzNc/yMRG/mqsfAr7/KraP7bmCcn3MYVuTycRMkRbuNPjC1NIpqkqiOaxzgAUGPw==

"@pixi/utils@6.3.0":
  version "6.3.0"
  resolved "https://registry.yarnpkg.com/@pixi/utils/-/utils-6.3.0.tgz#74703e1593b3f7462165adcfaf41c62ce303829c"
  integrity sha512-QI5wb/fDdH8DAzIMlrYS0MhG382FPMLh4s3yRtOaftiOb84LL7Syz//SC+CJAyVB0UV/Lpr+T6PiCa4eBjRDgA==
  dependencies:
    "@types/earcut" "^2.1.0"
    earcut "^2.2.2"
    eventemitter3 "^3.1.0"
    url "^0.11.0"

"@types/dat.gui@^0.7.7":
  version "0.7.7"
  resolved "https://registry.npmjs.org/@types/dat.gui/-/dat.gui-0.7.7.tgz"
  integrity sha512-CxLCme0He5Jk3uQwfO/fGZMyNhb/ypANzqX0yU9lviBQMlen5SOvQTBQ/Cd9x5mFlUAK5Tk8RgvTyLj1nYkz+w==

"@types/earcut@^2.1.0":
  version "2.1.1"
  resolved "https://registry.yarnpkg.com/@types/earcut/-/earcut-2.1.1.tgz#573a0af609f17005c751f6f4ffec49cfe358ea51"
  integrity sha512-w8oigUCDjElRHRRrMvn/spybSMyX8MTkKA5Dv+tS1IE/TgmNZPqUYtvYBXGY8cieSE66gm+szeK+bnbxC2xHTQ==

"@types/offscreencanvas@^2019.6.4":
  version "2019.6.4"
  resolved "https://registry.yarnpkg.com/@types/offscreencanvas/-/offscreencanvas-2019.6.4.tgz#64f6d120b53925028299c744fcdd32d2cd525963"
  integrity sha512-u8SAgdZ8ROtkTF+mfZGOscl0or6BSj9A4g37e6nvxDc+YB/oDut0wHkK2PBBiC2bNR8TS0CPV+1gAk4fNisr1Q==

"@types/three@^0.134.0":
  version "0.134.0"
  resolved "https://registry.npmjs.org/@types/three/-/three-0.134.0.tgz"
  integrity sha512-4YB+99Rgqq27EjiYTItEoZtdjLnTh8W9LxowgpC9eWsjaQJIL4Kn/ZcUKAnW3gB/jS4hqGN8iqmid+RcUZDzpA==

anymatch@~3.1.2:
  version "3.1.2"
  resolved "https://registry.npmjs.org/anymatch/-/anymatch-3.1.2.tgz"
  integrity sha512-P43ePfOAIupkguHUycrc4qJ9kz8ZiuOUijaETwX7THt0Y/GNK7v0aa8rY816xWjZ7rJdA5XdMcpVFTKMq+RvWg==
  dependencies:
    normalize-path "^3.0.0"
    picomatch "^2.0.4"

autoprefixer@^10.4.0:
  version "10.4.0"
  resolved "https://registry.npmjs.org/autoprefixer/-/autoprefixer-10.4.0.tgz"
  integrity sha512-7FdJ1ONtwzV1G43GDD0kpVMn/qbiNqyOPMFTX5nRffI+7vgWoFEc6DcXOxHJxrWNDXrZh18eDsZjvZGUljSRGA==
  dependencies:
    browserslist "^4.17.5"
    caniuse-lite "^1.0.30001272"
    fraction.js "^4.1.1"
    normalize-range "^0.1.2"
    picocolors "^1.0.0"
    postcss-value-parser "^4.1.0"

binary-extensions@^2.0.0:
  version "2.2.0"
  resolved "https://registry.npmjs.org/binary-extensions/-/binary-extensions-2.2.0.tgz"
  integrity sha512-jDctJ/IVQbZoJykoeHbhXpOlNBqGNcwXJKJog42E5HDPUwQTSdjCHdihjj0DlnheQ7blbT6dHOafNAiS8ooQKA==

braces@~3.0.2:
  version "3.0.2"
  resolved "https://registry.npmjs.org/braces/-/braces-3.0.2.tgz"
  integrity sha512-b8um+L1RzM3WDSzvhm6gIz1yfTbBt6YTlcEKAvsmqCZZFw46z626lVj9j1yEPW33H5H+lBQpZMP1k8l+78Ha0A==
  dependencies:
    fill-range "^7.0.1"

browserslist@^4.17.5:
  version "4.18.1"
  resolved "https://registry.npmjs.org/browserslist/-/browserslist-4.18.1.tgz"
  integrity sha512-8ScCzdpPwR2wQh8IT82CA2VgDwjHyqMovPBZSNH54+tm4Jk2pCuv90gmAdH6J84OCRWi0b4gMe6O6XPXuJnjgQ==
  dependencies:
    caniuse-lite "^1.0.30001280"
    electron-to-chromium "^1.3.896"
    escalade "^3.1.1"
    node-releases "^2.0.1"
    picocolors "^1.0.0"

caniuse-lite@^1.0.30001272, caniuse-lite@^1.0.30001280:
  version "1.0.30001283"
  resolved "https://registry.npmjs.org/caniuse-lite/-/caniuse-lite-1.0.30001283.tgz"
  integrity sha512-9RoKo841j1GQFSJz/nCXOj0sD7tHBtlowjYlrqIUS812x9/emfBLBt6IyMz1zIaYc/eRL8Cs6HPUVi2Hzq4sIg==

cannon-es@^0.19.0:
  version "0.19.0"
  resolved "https://registry.yarnpkg.com/cannon-es/-/cannon-es-0.19.0.tgz#f62fa04097e375877db8f3895f27bb6d499395c0"
  integrity sha512-fu9UXrjFmAQXq3JyBVPbtyc53suX+QHzikZEJykxroVNnIx1xHq0jZenK8qwhdwbBAtDL9n/47TyPELuSQwZuA==

"chokidar@>=3.0.0 <4.0.0":
  version "3.5.2"
  resolved "https://registry.npmjs.org/chokidar/-/chokidar-3.5.2.tgz"
  integrity sha512-ekGhOnNVPgT77r4K/U3GDhu+FQ2S8TnK/s2KbIGXi0SZWuwkZ2QNyfWdZW+TVfn84DpEP7rLeCt2UI6bJ8GwbQ==
  dependencies:
    anymatch "~3.1.2"
    braces "~3.0.2"
    glob-parent "~5.1.2"
    is-binary-path "~2.1.0"
    is-glob "~4.0.1"
    normalize-path "~3.0.0"
    readdirp "~3.6.0"
  optionalDependencies:
    fsevents "~2.3.2"

dat.gui@^0.7.9:
  version "0.7.9"
  resolved "https://registry.npmjs.org/dat.gui/-/dat.gui-0.7.9.tgz"
  integrity sha512-sCNc1OHobc+Erc1HqiswYgHdVNpSJUlk/Hz8vzOCsER7rl+oF/4+v8GXFUyCgtXpoCX6+bnmg07DedLvBLwYKQ==

earcut@^2.2.2:
  version "2.2.3"
  resolved "https://registry.yarnpkg.com/earcut/-/earcut-2.2.3.tgz#d44ced2ff5a18859568e327dd9c7d46b16f55cf4"
  integrity sha512-iRDI1QeCQIhMCZk48DRDMVgQSSBDmbzzNhnxIo+pwx3swkfjMh6vh0nWLq1NdvGHLKH6wIrAM3vQWeTj6qeoug==

electron-to-chromium@^1.3.896:
  version "1.4.1"
  resolved "https://registry.npmjs.org/electron-to-chromium/-/electron-to-chromium-1.4.1.tgz"
  integrity sha512-9ldvb6QMHiDpUNF1iSwBTiTT0qXEN+xIO5WlCJrC5gt0z74ofOiqR698vaJqYWnri0XZiF0YmnrFmGq/EmpGAA==

esbuild-android-arm64@0.13.15:
  version "0.13.15"
  resolved "https://registry.yarnpkg.com/esbuild-android-arm64/-/esbuild-android-arm64-0.13.15.tgz#3fc3ff0bab76fe35dd237476b5d2b32bb20a3d44"
  integrity sha512-m602nft/XXeO8YQPUDVoHfjyRVPdPgjyyXOxZ44MK/agewFFkPa8tUo6lAzSWh5Ui5PB4KR9UIFTSBKh/RrCmg==

esbuild-darwin-64@0.13.15:
  version "0.13.15"
  resolved "https://registry.npmjs.org/esbuild-darwin-64/-/esbuild-darwin-64-0.13.15.tgz"
  integrity sha512-ihOQRGs2yyp7t5bArCwnvn2Atr6X4axqPpEdCFPVp7iUj4cVSdisgvEKdNR7yH3JDjW6aQDw40iQFoTqejqxvQ==

esbuild-darwin-arm64@0.13.15:
  version "0.13.15"
  resolved "https://registry.yarnpkg.com/esbuild-darwin-arm64/-/esbuild-darwin-arm64-0.13.15.tgz#1b07f893b632114f805e188ddfca41b2b778229a"
  integrity sha512-i1FZssTVxUqNlJ6cBTj5YQj4imWy3m49RZRnHhLpefFIh0To05ow9DTrXROTE1urGTQCloFUXTX8QfGJy1P8dQ==

esbuild-freebsd-64@0.13.15:
  version "0.13.15"
  resolved "https://registry.yarnpkg.com/esbuild-freebsd-64/-/esbuild-freebsd-64-0.13.15.tgz#0b8b7eca1690c8ec94c75680c38c07269c1f4a85"
  integrity sha512-G3dLBXUI6lC6Z09/x+WtXBXbOYQZ0E8TDBqvn7aMaOCzryJs8LyVXKY4CPnHFXZAbSwkCbqiPuSQ1+HhrNk7EA==

esbuild-freebsd-arm64@0.13.15:
  version "0.13.15"
  resolved "https://registry.yarnpkg.com/esbuild-freebsd-arm64/-/esbuild-freebsd-arm64-0.13.15.tgz#2e1a6c696bfdcd20a99578b76350b41db1934e52"
  integrity sha512-KJx0fzEDf1uhNOZQStV4ujg30WlnwqUASaGSFPhznLM/bbheu9HhqZ6mJJZM32lkyfGJikw0jg7v3S0oAvtvQQ==

esbuild-linux-32@0.13.15:
  version "0.13.15"
  resolved "https://registry.yarnpkg.com/esbuild-linux-32/-/esbuild-linux-32-0.13.15.tgz#6fd39f36fc66dd45b6b5f515728c7bbebc342a69"
  integrity sha512-ZvTBPk0YWCLMCXiFmD5EUtB30zIPvC5Itxz0mdTu/xZBbbHJftQgLWY49wEPSn2T/TxahYCRDWun5smRa0Tu+g==

esbuild-linux-64@0.13.15:
  version "0.13.15"
  resolved "https://registry.yarnpkg.com/esbuild-linux-64/-/esbuild-linux-64-0.13.15.tgz#9cb8e4bcd7574e67946e4ee5f1f1e12386bb6dd3"
  integrity sha512-eCKzkNSLywNeQTRBxJRQ0jxRCl2YWdMB3+PkWFo2BBQYC5mISLIVIjThNtn6HUNqua1pnvgP5xX0nHbZbPj5oA==

esbuild-linux-arm64@0.13.15:
  version "0.13.15"
  resolved "https://registry.yarnpkg.com/esbuild-linux-arm64/-/esbuild-linux-arm64-0.13.15.tgz#3891aa3704ec579a1b92d2a586122e5b6a2bfba1"
  integrity sha512-bYpuUlN6qYU9slzr/ltyLTR9YTBS7qUDymO8SV7kjeNext61OdmqFAzuVZom+OLW1HPHseBfJ/JfdSlx8oTUoA==

esbuild-linux-arm@0.13.15:
  version "0.13.15"
  resolved "https://registry.yarnpkg.com/esbuild-linux-arm/-/esbuild-linux-arm-0.13.15.tgz#8a00e99e6a0c6c9a6b7f334841364d8a2b4aecfe"
  integrity sha512-wUHttDi/ol0tD8ZgUMDH8Ef7IbDX+/UsWJOXaAyTdkT7Yy9ZBqPg8bgB/Dn3CZ9SBpNieozrPRHm0BGww7W/jA==

esbuild-linux-mips64le@0.13.15:
  version "0.13.15"
  resolved "https://registry.yarnpkg.com/esbuild-linux-mips64le/-/esbuild-linux-mips64le-0.13.15.tgz#36b07cc47c3d21e48db3bb1f4d9ef8f46aead4f7"
  integrity sha512-KlVjIG828uFPyJkO/8gKwy9RbXhCEUeFsCGOJBepUlpa7G8/SeZgncUEz/tOOUJTcWMTmFMtdd3GElGyAtbSWg==

esbuild-linux-ppc64le@0.13.15:
  version "0.13.15"
  resolved "https://registry.yarnpkg.com/esbuild-linux-ppc64le/-/esbuild-linux-ppc64le-0.13.15.tgz#f7e6bba40b9a11eb9dcae5b01550ea04670edad2"
  integrity sha512-h6gYF+OsaqEuBjeesTBtUPw0bmiDu7eAeuc2OEH9S6mV9/jPhPdhOWzdeshb0BskRZxPhxPOjqZ+/OqLcxQwEQ==

esbuild-netbsd-64@0.13.15:
  version "0.13.15"
  resolved "https://registry.yarnpkg.com/esbuild-netbsd-64/-/esbuild-netbsd-64-0.13.15.tgz#a2fedc549c2b629d580a732d840712b08d440038"
  integrity sha512-3+yE9emwoevLMyvu+iR3rsa+Xwhie7ZEHMGDQ6dkqP/ndFzRHkobHUKTe+NCApSqG5ce2z4rFu+NX/UHnxlh3w==

esbuild-openbsd-64@0.13.15:
  version "0.13.15"
  resolved "https://registry.yarnpkg.com/esbuild-openbsd-64/-/esbuild-openbsd-64-0.13.15.tgz#b22c0e5806d3a1fbf0325872037f885306b05cd7"
  integrity sha512-wTfvtwYJYAFL1fSs8yHIdf5GEE4NkbtbXtjLWjM3Cw8mmQKqsg8kTiqJ9NJQe5NX/5Qlo7Xd9r1yKMMkHllp5g==

esbuild-sunos-64@0.13.15:
  version "0.13.15"
  resolved "https://registry.yarnpkg.com/esbuild-sunos-64/-/esbuild-sunos-64-0.13.15.tgz#d0b6454a88375ee8d3964daeff55c85c91c7cef4"
  integrity sha512-lbivT9Bx3t1iWWrSnGyBP9ODriEvWDRiweAs69vI+miJoeKwHWOComSRukttbuzjZ8r1q0mQJ8Z7yUsDJ3hKdw==

esbuild-windows-32@0.13.15:
  version "0.13.15"
  resolved "https://registry.yarnpkg.com/esbuild-windows-32/-/esbuild-windows-32-0.13.15.tgz#c96d0b9bbb52f3303322582ef8e4847c5ad375a7"
  integrity sha512-fDMEf2g3SsJ599MBr50cY5ve5lP1wyVwTe6aLJsM01KtxyKkB4UT+fc5MXQFn3RLrAIAZOG+tHC+yXObpSn7Nw==

esbuild-windows-64@0.13.15:
  version "0.13.15"
  resolved "https://registry.yarnpkg.com/esbuild-windows-64/-/esbuild-windows-64-0.13.15.tgz#1f79cb9b1e1bb02fb25cd414cb90d4ea2892c294"
  integrity sha512-9aMsPRGDWCd3bGjUIKG/ZOJPKsiztlxl/Q3C1XDswO6eNX/Jtwu4M+jb6YDH9hRSUflQWX0XKAfWzgy5Wk54JQ==

esbuild-windows-arm64@0.13.15:
  version "0.13.15"
  resolved "https://registry.yarnpkg.com/esbuild-windows-arm64/-/esbuild-windows-arm64-0.13.15.tgz#482173070810df22a752c686509c370c3be3b3c3"
  integrity sha512-zzvyCVVpbwQQATaf3IG8mu1IwGEiDxKkYUdA4FpoCHi1KtPa13jeScYDjlW0Qh+ebWzpKfR2ZwvqAQkSWNcKjA==

esbuild@^0.13.2:
  version "0.13.15"
  resolved "https://registry.npmjs.org/esbuild/-/esbuild-0.13.15.tgz"
  integrity sha512-raCxt02HBKv8RJxE8vkTSCXGIyKHdEdGfUmiYb8wnabnaEmHzyW7DCHb5tEN0xU8ryqg5xw54mcwnYkC4x3AIw==
  optionalDependencies:
    esbuild-android-arm64 "0.13.15"
    esbuild-darwin-64 "0.13.15"
    esbuild-darwin-arm64 "0.13.15"
    esbuild-freebsd-64 "0.13.15"
    esbuild-freebsd-arm64 "0.13.15"
    esbuild-linux-32 "0.13.15"
    esbuild-linux-64 "0.13.15"
    esbuild-linux-arm "0.13.15"
    esbuild-linux-arm64 "0.13.15"
    esbuild-linux-mips64le "0.13.15"
    esbuild-linux-ppc64le "0.13.15"
    esbuild-netbsd-64 "0.13.15"
    esbuild-openbsd-64 "0.13.15"
    esbuild-sunos-64 "0.13.15"
    esbuild-windows-32 "0.13.15"
    esbuild-windows-64 "0.13.15"
    esbuild-windows-arm64 "0.13.15"

escalade@^3.1.1:
  version "3.1.1"
  resolved "https://registry.npmjs.org/escalade/-/escalade-3.1.1.tgz"
  integrity sha512-k0er2gUkLf8O0zKJiAhmkTnJlTvINGv7ygDNPbeIsX/TJjGJZHuh9B2UxbsaEkmlEo9MfhrSzmhIlhRlI2GXnw==

eventemitter3@^3.1.0:
  version "3.1.2"
  resolved "https://registry.yarnpkg.com/eventemitter3/-/eventemitter3-3.1.2.tgz#2d3d48f9c346698fce83a85d7d664e98535df6e7"
  integrity sha512-tvtQIeLVHjDkJYnzf2dgVMxfuSGJeM/7UCG17TT4EumTfNtF+0nebF/4zWOIkCreAbtNqhGEboB6BWrwqNaw4Q==

fill-range@^7.0.1:
  version "7.0.1"
  resolved "https://registry.npmjs.org/fill-range/-/fill-range-7.0.1.tgz"
  integrity sha512-qOo9F+dMUmC2Lcb4BbVvnKJxTPjCm+RRpe4gDuGrzkL7mEVl/djYSu2OdQ2Pa302N4oqkSg9ir6jaLWJ2USVpQ==
  dependencies:
    to-regex-range "^5.0.1"

fraction.js@^4.1.1:
  version "4.1.1"
  resolved "https://registry.npmjs.org/fraction.js/-/fraction.js-4.1.1.tgz"
  integrity sha512-MHOhvvxHTfRFpF1geTK9czMIZ6xclsEor2wkIGYYq+PxcQqT7vStJqjhe6S1TenZrMZzo+wlqOufBDVepUEgPg==

fsevents@~2.3.2:
  version "2.3.2"
  resolved "https://registry.npmjs.org/fsevents/-/fsevents-2.3.2.tgz"
  integrity sha512-xiqMQR4xAeHTuB9uWm+fFRcIOgKBMiOBP+eXiyT7jsgVCq1bkVygt00oASowB7EdtpOHaaPgKt812P9ab+DDKA==

function-bind@^1.1.1:
  version "1.1.1"
  resolved "https://registry.npmjs.org/function-bind/-/function-bind-1.1.1.tgz"
  integrity sha512-yIovAzMX49sF8Yl58fSCWJ5svSLuaibPxXQJFLmBObTuCr0Mf1KiPopGM9NiFjiYBCbfaa2Fh6breQ6ANVTI0A==

glob-parent@~5.1.2:
  version "5.1.2"
  resolved "https://registry.npmjs.org/glob-parent/-/glob-parent-5.1.2.tgz"
  integrity sha512-AOIgSQCepiJYwP3ARnGx+5VnTu2HBYdzbGP45eLw1vr3zB3vZLeyed1sC9hnbcOc9/SrMyM5RPQrkGz4aS9Zow==
  dependencies:
    is-glob "^4.0.1"

gsap@^3.10.2:
  version "3.10.2"
  resolved "https://registry.yarnpkg.com/gsap/-/gsap-3.10.2.tgz#a3b0a842c398099fc7a80313bfb42253a3dc2b6b"
  integrity sha512-exJVOda3O1NpgGjM4dzZONmSODWFP+JF/DwfiBfCPQPr15nm3M0TQczYKLZlMdBNdWxHMvRPKVqc1e1/6YD+zA==

has@^1.0.3:
  version "1.0.3"
  resolved "https://registry.npmjs.org/has/-/has-1.0.3.tgz"
  integrity sha512-f2dvO0VU6Oej7RkWJGrehjbzMAjFp5/VKPp5tTpWIV4JHHZK1/BxbFRtf/siA2SWTe09caDmVtYYzWEIbBS4zw==
  dependencies:
    function-bind "^1.1.1"

is-binary-path@~2.1.0:
  version "2.1.0"
  resolved "https://registry.npmjs.org/is-binary-path/-/is-binary-path-2.1.0.tgz"
  integrity sha512-ZMERYes6pDydyuGidse7OsHxtbI7WVeUEozgR/g7rd0xUimYNlvZRE/K2MgZTjWy725IfelLeVcEM97mmtRGXw==
  dependencies:
    binary-extensions "^2.0.0"

is-core-module@^2.2.0:
  version "2.5.0"
  resolved "https://registry.npmjs.org/is-core-module/-/is-core-module-2.5.0.tgz"
  integrity sha512-TXCMSDsEHMEEZ6eCA8rwRDbLu55MRGmrctljsBX/2v1d9/GzqHOxW5c5oPSgrUt2vBFXebu9rGqckXGPWOlYpg==
  dependencies:
    has "^1.0.3"

is-extglob@^2.1.1:
  version "2.1.1"
  resolved "https://registry.npmjs.org/is-extglob/-/is-extglob-2.1.1.tgz"
  integrity sha1-qIwCU1eR8C7TfHahueqXc8gz+MI=

is-glob@^4.0.1, is-glob@~4.0.1:
  version "4.0.1"
  resolved "https://registry.npmjs.org/is-glob/-/is-glob-4.0.1.tgz"
  integrity sha512-5G0tKtBTFImOqDnLB2hG6Bp2qcKEFduo4tZu9MT/H6NQv/ghhy30o55ufafxJ/LdH79LLs2Kfrn85TLKyA7BUg==
  dependencies:
    is-extglob "^2.1.1"

is-number@^7.0.0:
  version "7.0.0"
  resolved "https://registry.npmjs.org/is-number/-/is-number-7.0.0.tgz"
  integrity sha512-41Cifkg6e8TylSpdtTpeLVMqvSBEVzTttHvERD741+pnZ8ANv0004MRL43QKPDlK9cGvNp6NZWZUBlbGXYxxng==

ismobilejs@^1.1.0:
  version "1.1.1"
  resolved "https://registry.yarnpkg.com/ismobilejs/-/ismobilejs-1.1.1.tgz#c56ca0ae8e52b24ca0f22ba5ef3215a2ddbbaa0e"
  integrity sha512-VaFW53yt8QO61k2WJui0dHf4SlL8lxBofUuUmwBo0ljPk0Drz2TiuDW4jo3wDcv41qy/SxrJ+VAzJ/qYqsmzRw==

nanoid@^3.1.30:
  version "3.1.30"
  resolved "https://registry.npmjs.org/nanoid/-/nanoid-3.1.30.tgz"
  integrity sha512-zJpuPDwOv8D2zq2WRoMe1HsfZthVewpel9CAvTfc/2mBD1uUT/agc5f7GHGWXlYkFvi1mVxe4IjvP2HNrop7nQ==

node-releases@^2.0.1:
  version "2.0.1"
  resolved "https://registry.npmjs.org/node-releases/-/node-releases-2.0.1.tgz"
  integrity sha512-CqyzN6z7Q6aMeF/ktcMVTzhAHCEpf8SOarwpzpf8pNBY2k5/oM34UHldUwp8VKI7uxct2HxSRdJjBaZeESzcxA==

normalize-path@^3.0.0, normalize-path@~3.0.0:
  version "3.0.0"
  resolved "https://registry.npmjs.org/normalize-path/-/normalize-path-3.0.0.tgz"
  integrity sha512-6eZs5Ls3WtCisHWp9S2GUy8dqkpGi4BVSz3GaqiE6ezub0512ESztXUwUB6C6IKbQkY2Pnb/mD4WYojCRwcwLA==

normalize-range@^0.1.2:
  version "0.1.2"
  resolved "https://registry.npmjs.org/normalize-range/-/normalize-range-0.1.2.tgz"
  integrity sha1-LRDAa9/TEuqXd2laTShDlFa3WUI=

object-assign@^4.1.1:
  version "4.1.1"
  resolved "https://registry.yarnpkg.com/object-assign/-/object-assign-4.1.1.tgz#2109adc7965887cfc05cbbd442cac8bfbb360863"
  integrity sha1-IQmtx5ZYh8/AXLvUQsrIv7s2CGM=

path-parse@^1.0.6:
  version "1.0.7"
  resolved "https://registry.npmjs.org/path-parse/-/path-parse-1.0.7.tgz"
  integrity sha512-LDJzPVEEEPR+y48z93A0Ed0yXb8pAByGWo/k5YYdYgpY2/2EsOsksJrq7lOHxryrVOn1ejG6oAp8ahvOIQD8sw==

picocolors@^1.0.0:
  version "1.0.0"
  resolved "https://registry.npmjs.org/picocolors/-/picocolors-1.0.0.tgz"
  integrity sha512-1fygroTLlHu66zi26VoTDv8yRgm0Fccecssto+MhsZ0D/DGW2sm8E8AjW7NU5VVTRt5GxbeZ5qBuJr+HyLYkjQ==

picomatch@^2.0.4, picomatch@^2.2.1:
  version "2.3.0"
  resolved "https://registry.npmjs.org/picomatch/-/picomatch-2.3.0.tgz"
  integrity sha512-lY1Q/PiJGC2zOv/z391WOTD+Z02bCgsFfvxoXXf6h7kv9o+WmsmzYqrAwY63sNgOxE4xEdq0WyUnXfKeBrSvYw==

pixi.js@^6.3.0:
  version "6.3.0"
  resolved "https://registry.yarnpkg.com/pixi.js/-/pixi.js-6.3.0.tgz#466f28a06d6263337c0f91275faf229a02f6a65b"
  integrity sha512-ayOmVagMSa5lPVvznDf2e4EppwzPEDnB/q3AYdjTM9Ksw+JKT3lbLuZFo/6U0HNYF9DsJRJL/4ebReZh1hnqLQ==
  dependencies:
    "@pixi/accessibility" "6.3.0"
    "@pixi/app" "6.3.0"
    "@pixi/compressed-textures" "6.3.0"
    "@pixi/constants" "6.3.0"
    "@pixi/core" "6.3.0"
    "@pixi/display" "6.3.0"
    "@pixi/extract" "6.3.0"
    "@pixi/filter-alpha" "6.3.0"
    "@pixi/filter-blur" "6.3.0"
    "@pixi/filter-color-matrix" "6.3.0"
    "@pixi/filter-displacement" "6.3.0"
    "@pixi/filter-fxaa" "6.3.0"
    "@pixi/filter-noise" "6.3.0"
    "@pixi/graphics" "6.3.0"
    "@pixi/interaction" "6.3.0"
    "@pixi/loaders" "6.3.0"
    "@pixi/math" "6.3.0"
    "@pixi/mesh" "6.3.0"
    "@pixi/mesh-extras" "6.3.0"
    "@pixi/mixin-cache-as-bitmap" "6.3.0"
    "@pixi/mixin-get-child-by-name" "6.3.0"
    "@pixi/mixin-get-global-position" "6.3.0"
    "@pixi/particle-container" "6.3.0"
    "@pixi/polyfill" "6.3.0"
    "@pixi/prepare" "6.3.0"
    "@pixi/runner" "6.3.0"
    "@pixi/settings" "6.3.0"
    "@pixi/sprite" "6.3.0"
    "@pixi/sprite-animated" "6.3.0"
    "@pixi/sprite-tiling" "6.3.0"
    "@pixi/spritesheet" "6.3.0"
    "@pixi/text" "6.3.0"
    "@pixi/text-bitmap" "6.3.0"
    "@pixi/ticker" "6.3.0"
    "@pixi/utils" "6.3.0"

postcss-value-parser@^4.1.0:
  version "4.1.0"
  resolved "https://registry.npmjs.org/postcss-value-parser/-/postcss-value-parser-4.1.0.tgz"
  integrity sha512-97DXOFbQJhk71ne5/Mt6cOu6yxsSfM0QGQyl0L25Gca4yGWEGJaig7l7gbCX623VqTBNGLRLaVUCnNkcedlRSQ==

postcss@^8.3.8:
  version "8.4.1"
  resolved "https://registry.npmjs.org/postcss/-/postcss-8.4.1.tgz"
  integrity sha512-WqLs/TTzXdG+/A4ZOOK9WDZiikrRaiA+eoEb/jz2DT9KUhMNHgP7yKPO8vwi62ZCsb703Gwb7BMZwDzI54Y2Ag==
  dependencies:
    nanoid "^3.1.30"
    picocolors "^1.0.0"
    source-map-js "^1.0.1"

prettier@^2.5.0:
  version "2.5.0"
  resolved "https://registry.npmjs.org/prettier/-/prettier-2.5.0.tgz"
  integrity sha512-FM/zAKgWTxj40rH03VxzIPdXmj39SwSjwG0heUcNFwI+EMZJnY93yAiKXM3dObIKAM5TA88werc8T/EwhB45eg==

promise-polyfill@^8.2.0:
  version "8.2.3"
  resolved "https://registry.yarnpkg.com/promise-polyfill/-/promise-polyfill-8.2.3.tgz#2edc7e4b81aff781c88a0d577e5fe9da822107c6"
  integrity sha512-Og0+jCRQetV84U8wVjMNccfGCnMQ9mGs9Hv78QFe+pSDD3gWTpz0y+1QCuxy5d/vBFuZ3iwP2eycAkvqIMPmWg==

punycode@1.3.2:
  version "1.3.2"
  resolved "https://registry.yarnpkg.com/punycode/-/punycode-1.3.2.tgz#9653a036fb7c1ee42342f2325cceefea3926c48d"
  integrity sha1-llOgNvt8HuQjQvIyXM7v6jkmxI0=

querystring@0.2.0:
  version "0.2.0"
  resolved "https://registry.yarnpkg.com/querystring/-/querystring-0.2.0.tgz#b209849203bb25df820da756e747005878521620"
  integrity sha1-sgmEkgO7Jd+CDadW50cAWHhSFiA=

readdirp@~3.6.0:
  version "3.6.0"
  resolved "https://registry.npmjs.org/readdirp/-/readdirp-3.6.0.tgz"
  integrity sha512-hOS089on8RduqdbhvQ5Z37A0ESjsqz6qnRcffsMU3495FuTdqSm+7bhJ29JvIOsBDEEnan5DPu9t3To9VRlMzA==
  dependencies:
    picomatch "^2.2.1"

resolve@^1.20.0:
  version "1.20.0"
  resolved "https://registry.npmjs.org/resolve/-/resolve-1.20.0.tgz"
  integrity sha512-wENBPt4ySzg4ybFQW2TT1zMQucPK95HSh/nq2CFTZVOGut2+pQvSsgtda4d26YrYcr067wjbmzOG8byDPBX63A==
  dependencies:
    is-core-module "^2.2.0"
    path-parse "^1.0.6"

rollup@^2.57.0:
  version "2.60.1"
  resolved "https://registry.npmjs.org/rollup/-/rollup-2.60.1.tgz"
  integrity sha512-akwfnpjY0rXEDSn1UTVfKXJhPsEBu+imi1gqBA1ZkHGydUnkV/fWCC90P7rDaLEW8KTwBcS1G3N4893Ndz+jwg==
  optionalDependencies:
    fsevents "~2.3.2"

sass@^1.43.5:
  version "1.43.5"
  resolved "https://registry.npmjs.org/sass/-/sass-1.43.5.tgz"
  integrity sha512-WuNm+eAryMgQluL7Mbq9M4EruyGGMyal7Lu58FfnRMVWxgUzIvI7aSn60iNt3kn5yZBMR7G84fAGDcwqOF5JOg==
  dependencies:
    chokidar ">=3.0.0 <4.0.0"

source-map-js@^1.0.1:
  version "1.0.1"
  resolved "https://registry.npmjs.org/source-map-js/-/source-map-js-1.0.1.tgz"
  integrity sha512-4+TN2b3tqOCd/kaGRJ/sTYA0tR0mdXx26ipdolxcwtJVqEnqNYvlCAt1q3ypy4QMlYus+Zh34RNtYLoq2oQ4IA==

three@^0.134.0:
  version "0.134.0"
  resolved "https://registry.npmjs.org/three/-/three-0.134.0.tgz"
  integrity sha512-LbBerg7GaSPjYtTOnu41AMp7tV6efUNR3p4Wk5NzkSsNTBuA5mDGOfwwZL1jhhVMLx9V20HolIUo0+U3AXehbg==

to-regex-range@^5.0.1:
  version "5.0.1"
  resolved "https://registry.npmjs.org/to-regex-range/-/to-regex-range-5.0.1.tgz"
  integrity sha512-65P7iz6X5yEr1cwcgvQxbbIw7Uk3gOy5dIdtZ4rDveLqhrdJP+Li/Hx6tyK0NEb+2GCyneCMJiGqrADCSNk8sQ==
  dependencies:
    is-number "^7.0.0"

typescript@^4.3.2:
  version "4.3.5"
  resolved "https://registry.npmjs.org/typescript/-/typescript-4.3.5.tgz"
  integrity sha512-DqQgihaQ9cUrskJo9kIyW/+g0Vxsk8cDtZ52a3NGh0YNTfpUSArXSohyUGnvbPazEPLu398C0UxmKSOrPumUzA==

url@^0.11.0:
  version "0.11.0"
  resolved "https://registry.yarnpkg.com/url/-/url-0.11.0.tgz#3838e97cfc60521eb73c525a8e55bfdd9e2e28f1"
  integrity sha1-ODjpfPxgUh63PFJajlW/3Z4uKPE=
  dependencies:
    punycode "1.3.2"
    querystring "0.2.0"

vite@^2.6.14:
  version "2.6.14"
  resolved "https://registry.npmjs.org/vite/-/vite-2.6.14.tgz"
  integrity sha512-2HA9xGyi+EhY2MXo0+A2dRsqsAG3eFNEVIo12olkWhOmc8LfiM+eMdrXf+Ruje9gdXgvSqjLI9freec1RUM5EA==
  dependencies:
    esbuild "^0.13.2"
    postcss "^8.3.8"
    resolve "^1.20.0"
    rollup "^2.57.0"
  optionalDependencies:
    fsevents "~2.3.2"
